// !$*UTF8*$!
{
	archiveVersion = 1;
	classes = {
	};
	objectVersion = 50;
	objects = {

/* Begin PBXBuildFile section */
		E06FBA30266DF44B00D0ACE4 /* main.swift in Sources */ = {isa = PBXBuildFile; fileRef = E06FBA2F266DF44B00D0ACE4 /* main.swift */; };
		E06FBA3D266E268D00D0ACE4 /* Controller.swift in Sources */ = {isa = PBXBuildFile; fileRef = E06FBA3C266E268D00D0ACE4 /* Controller.swift */; };
		E06FBA44266E27BD00D0ACE4 /* Priority.swift in Sources */ = {isa = PBXBuildFile; fileRef = E06FBA43266E27BD00D0ACE4 /* Priority.swift */; };
		E06FBA47266E280B00D0ACE4 /* Item.swift in Sources */ = {isa = PBXBuildFile; fileRef = E06FBA46266E280B00D0ACE4 /* Item.swift */; };
		E06FBA4A266E290B00D0ACE4 /* Category.swift in Sources */ = {isa = PBXBuildFile; fileRef = E06FBA49266E290B00D0ACE4 /* Category.swift */; };
		E06FBA4D266E2A5E00D0ACE4 /* Strings.swift in Sources */ = {isa = PBXBuildFile; fileRef = E06FBA4C266E2A5E00D0ACE4 /* Strings.swift */; };
		E06FBA50266E7DA800D0ACE4 /* MenuEnum.swift in Sources */ = {isa = PBXBuildFile; fileRef = E06FBA4F266E7DA800D0ACE4 /* MenuEnum.swift */; };
		E06FBA53266EA61700D0ACE4 /* Menu.swift in Sources */ = {isa = PBXBuildFile; fileRef = E06FBA52266EA61700D0ACE4 /* Menu.swift */; };
		E06FBA58266EA71A00D0ACE4 /* MainMenu.swift in Sources */ = {isa = PBXBuildFile; fileRef = E06FBA57266EA71A00D0ACE4 /* MainMenu.swift */; };
		E06FBA5B266EA81E00D0ACE4 /* ItemsMenu.swift in Sources */ = {isa = PBXBuildFile; fileRef = E06FBA5A266EA81E00D0ACE4 /* ItemsMenu.swift */; };
		E06FBA5F266EB0AB00D0ACE4 /* CategoriesMenu.swift in Sources */ = {isa = PBXBuildFile; fileRef = E06FBA5E266EB0AB00D0ACE4 /* CategoriesMenu.swift */; };
		E06FBA66266EB20400D0ACE4 /* AddItemMenu.swift in Sources */ = {isa = PBXBuildFile; fileRef = E06FBA65266EB20400D0ACE4 /* AddItemMenu.swift */; };
		E06FBA6A266EB2F200D0ACE4 /* AddCategoryMenu.swift in Sources */ = {isa = PBXBuildFile; fileRef = E06FBA69266EB2F200D0ACE4 /* AddCategoryMenu.swift */; };
/* End PBXBuildFile section */

/* Begin PBXCopyFilesBuildPhase section */
		E06FBA2A266DF44A00D0ACE4 /* CopyFiles */ = {
			isa = PBXCopyFilesBuildPhase;
			buildActionMask = 2147483647;
			dstPath = /usr/share/man/man1/;
			dstSubfolderSpec = 0;
			files = (
			);
			runOnlyForDeploymentPostprocessing = 1;
		};
/* End PBXCopyFilesBuildPhase section */

/* Begin PBXFileReference section */
		E06FBA2C266DF44B00D0ACE4 /* TODO */ = {isa = PBXFileReference; explicitFileType = "compiled.mach-o.executable"; includeInIndex = 0; path = TODO; sourceTree = BUILT_PRODUCTS_DIR; };
		E06FBA2F266DF44B00D0ACE4 /* main.swift */ = {isa = PBXFileReference; lastKnownFileType = sourcecode.swift; path = main.swift; sourceTree = "<group>"; };
		E06FBA3C266E268D00D0ACE4 /* Controller.swift */ = {isa = PBXFileReference; lastKnownFileType = sourcecode.swift; path = Controller.swift; sourceTree = "<group>"; };
		E06FBA43266E27BD00D0ACE4 /* Priority.swift */ = {isa = PBXFileReference; lastKnownFileType = sourcecode.swift; path = Priority.swift; sourceTree = "<group>"; };
		E06FBA46266E280B00D0ACE4 /* Item.swift */ = {isa = PBXFileReference; lastKnownFileType = sourcecode.swift; path = Item.swift; sourceTree = "<group>"; };
		E06FBA49266E290B00D0ACE4 /* Category.swift */ = {isa = PBXFileReference; lastKnownFileType = sourcecode.swift; path = Category.swift; sourceTree = "<group>"; };
		E06FBA4C266E2A5E00D0ACE4 /* Strings.swift */ = {isa = PBXFileReference; lastKnownFileType = sourcecode.swift; path = Strings.swift; sourceTree = "<group>"; };
		E06FBA4F266E7DA800D0ACE4 /* MenuEnum.swift */ = {isa = PBXFileReference; lastKnownFileType = sourcecode.swift; path = MenuEnum.swift; sourceTree = "<group>"; };
		E06FBA52266EA61700D0ACE4 /* Menu.swift */ = {isa = PBXFileReference; lastKnownFileType = sourcecode.swift; path = Menu.swift; sourceTree = "<group>"; };
		E06FBA57266EA71A00D0ACE4 /* MainMenu.swift */ = {isa = PBXFileReference; lastKnownFileType = sourcecode.swift; path = MainMenu.swift; sourceTree = "<group>"; };
		E06FBA5A266EA81E00D0ACE4 /* ItemsMenu.swift */ = {isa = PBXFileReference; lastKnownFileType = sourcecode.swift; path = ItemsMenu.swift; sourceTree = "<group>"; };
		E06FBA5E266EB0AB00D0ACE4 /* CategoriesMenu.swift */ = {isa = PBXFileReference; lastKnownFileType = sourcecode.swift; path = CategoriesMenu.swift; sourceTree = "<group>"; };
		E06FBA65266EB20400D0ACE4 /* AddItemMenu.swift */ = {isa = PBXFileReference; lastKnownFileType = sourcecode.swift; path = AddItemMenu.swift; sourceTree = "<group>"; };
		E06FBA69266EB2F200D0ACE4 /* AddCategoryMenu.swift */ = {isa = PBXFileReference; lastKnownFileType = sourcecode.swift; path = AddCategoryMenu.swift; sourceTree = "<group>"; };
/* End PBXFileReference section */

/* Begin PBXFrameworksBuildPhase section */
		E06FBA29266DF44A00D0ACE4 /* Frameworks */ = {
			isa = PBXFrameworksBuildPhase;
			buildActionMask = 2147483647;
			files = (
			);
			runOnlyForDeploymentPostprocessing = 0;
		};
/* End PBXFrameworksBuildPhase section */

/* Begin PBXGroup section */
		E06FBA23266DF44A00D0ACE4 = {
			isa = PBXGroup;
			children = (
				E06FBA2E266DF44B00D0ACE4 /* TODO */,
				E06FBA2D266DF44B00D0ACE4 /* Products */,
			);
			sourceTree = "<group>";
		};
		E06FBA2D266DF44B00D0ACE4 /* Products */ = {
			isa = PBXGroup;
			children = (
				E06FBA2C266DF44B00D0ACE4 /* TODO */,
			);
			name = Products;
			sourceTree = "<group>";
		};
		E06FBA2E266DF44B00D0ACE4 /* TODO */ = {
			isa = PBXGroup;
			children = (
				E06FBA37266E241600D0ACE4 /* Model */,
				E06FBA2F266DF44B00D0ACE4 /* main.swift */,
				E06FBA3C266E268D00D0ACE4 /* Controller.swift */,
			);
			path = TODO;
			sourceTree = "<group>";
		};
		E06FBA37266E241600D0ACE4 /* Model */ = {
			isa = PBXGroup;
			children = (
				E06FBA56266EA68600D0ACE4 /* Menus */,
				E06FBA43266E27BD00D0ACE4 /* Priority.swift */,
				E06FBA46266E280B00D0ACE4 /* Item.swift */,
				E06FBA49266E290B00D0ACE4 /* Category.swift */,
				E06FBA4C266E2A5E00D0ACE4 /* Strings.swift */,
			);
			path = Model;
			sourceTree = "<group>";
		};
		E06FBA56266EA68600D0ACE4 /* Menus */ = {
			isa = PBXGroup;
			children = (
				E06FBA52266EA61700D0ACE4 /* Menu.swift */,
				E06FBA4F266E7DA800D0ACE4 /* MenuEnum.swift */,
				E06FBA57266EA71A00D0ACE4 /* MainMenu.swift */,
				E06FBA5A266EA81E00D0ACE4 /* ItemsMenu.swift */,
				E06FBA5E266EB0AB00D0ACE4 /* CategoriesMenu.swift */,
				E06FBA65266EB20400D0ACE4 /* AddItemMenu.swift */,
				E06FBA69266EB2F200D0ACE4 /* AddCategoryMenu.swift */,
			);
			path = Menus;
			sourceTree = "<group>";
		};
/* End PBXGroup section */

/* Begin PBXNativeTarget section */
		E06FBA2B266DF44A00D0ACE4 /* TODO */ = {
			isa = PBXNativeTarget;
			buildConfigurationList = E06FBA33266DF44B00D0ACE4 /* Build configuration list for PBXNativeTarget "TODO" */;
			buildPhases = (
				E06FBA28266DF44A00D0ACE4 /* Sources */,
				E06FBA29266DF44A00D0ACE4 /* Frameworks */,
				E06FBA2A266DF44A00D0ACE4 /* CopyFiles */,
			);
			buildRules = (
			);
			dependencies = (
			);
			name = TODO;
			productName = TODO;
			productReference = E06FBA2C266DF44B00D0ACE4 /* TODO */;
			productType = "com.apple.product-type.tool";
		};
/* End PBXNativeTarget section */

/* Begin PBXProject section */
		E06FBA24266DF44A00D0ACE4 /* Project object */ = {
			isa = PBXProject;
			attributes = {
				LastSwiftUpdateCheck = 1240;
				LastUpgradeCheck = 1240;
				TargetAttributes = {
					E06FBA2B266DF44A00D0ACE4 = {
						CreatedOnToolsVersion = 12.4;
					};
				};
			};
			buildConfigurationList = E06FBA27266DF44A00D0ACE4 /* Build configuration list for PBXProject "TODO" */;
			compatibilityVersion = "Xcode 9.3";
			developmentRegion = en;
			hasScannedForEncodings = 0;
			knownRegions = (
				en,
				Base,
			);
			mainGroup = E06FBA23266DF44A00D0ACE4;
			productRefGroup = E06FBA2D266DF44B00D0ACE4 /* Products */;
			projectDirPath = "";
			projectRoot = "";
			targets = (
				E06FBA2B266DF44A00D0ACE4 /* TODO */,
			);
		};
/* End PBXProject section */

/* Begin PBXSourcesBuildPhase section */
		E06FBA28266DF44A00D0ACE4 /* Sources */ = {
			isa = PBXSourcesBuildPhase;
			buildActionMask = 2147483647;
			files = (
				E06FBA5F266EB0AB00D0ACE4 /* CategoriesMenu.swift in Sources */,
				E06FBA30266DF44B00D0ACE4 /* main.swift in Sources */,
				E06FBA58266EA71A00D0ACE4 /* MainMenu.swift in Sources */,
				E06FBA4A266E290B00D0ACE4 /* Category.swift in Sources */,
				E06FBA53266EA61700D0ACE4 /* Menu.swift in Sources */,
				E06FBA50266E7DA800D0ACE4 /* MenuEnum.swift in Sources */,
				E06FBA6A266EB2F200D0ACE4 /* AddCategoryMenu.swift in Sources */,
				E06FBA3D266E268D00D0ACE4 /* Controller.swift in Sources */,
				E06FBA47266E280B00D0ACE4 /* Item.swift in Sources */,
				E06FBA4D266E2A5E00D0ACE4 /* Strings.swift in Sources */,
				E06FBA66266EB20400D0ACE4 /* AddItemMenu.swift in Sources */,
				E06FBA44266E27BD00D0ACE4 /* Priority.swift in Sources */,
				E06FBA5B266EA81E00D0ACE4 /* ItemsMenu.swift in Sources */,
			);
			runOnlyForDeploymentPostprocessing = 0;
		};
/* End PBXSourcesBuildPhase section */

/* Begin XCBuildConfiguration section */
		E06FBA31266DF44B00D0ACE4 /* Debug */ = {
			isa = XCBuildConfiguration;
			buildSettings = {
				ALWAYS_SEARCH_USER_PATHS = NO;
				CLANG_ANALYZER_NONNULL = YES;
				CLANG_ANALYZER_NUMBER_OBJECT_CONVERSION = YES_AGGRESSIVE;
				CLANG_CXX_LANGUAGE_STANDARD = "gnu++14";
				CLANG_CXX_LIBRARY = "libc++";
				CLANG_ENABLE_MODULES = YES;
				CLANG_ENABLE_OBJC_ARC = YES;
				CLANG_ENABLE_OBJC_WEAK = YES;
				CLANG_WARN_BLOCK_CAPTURE_AUTORELEASING = YES;
				CLANG_WARN_BOOL_CONVERSION = YES;
				CLANG_WARN_COMMA = YES;
				CLANG_WARN_CONSTANT_CONVERSION = YES;
				CLANG_WARN_DEPRECATED_OBJC_IMPLEMENTATIONS = YES;
				CLANG_WARN_DIRECT_OBJC_ISA_USAGE = YES_ERROR;
				CLANG_WARN_DOCUMENTATION_COMMENTS = YES;
				CLANG_WARN_EMPTY_BODY = YES;
				CLANG_WARN_ENUM_CONVERSION = YES;
				CLANG_WARN_INFINITE_RECURSION = YES;
				CLANG_WARN_INT_CONVERSION = YES;
				CLANG_WARN_NON_LITERAL_NULL_CONVERSION = YES;
				CLANG_WARN_OBJC_IMPLICIT_RETAIN_SELF = YES;
				CLANG_WARN_OBJC_LITERAL_CONVERSION = YES;
				CLANG_WARN_OBJC_ROOT_CLASS = YES_ERROR;
				CLANG_WARN_QUOTED_INCLUDE_IN_FRAMEWORK_HEADER = YES;
				CLANG_WARN_RANGE_LOOP_ANALYSIS = YES;
				CLANG_WARN_STRICT_PROTOTYPES = YES;
				CLANG_WARN_SUSPICIOUS_MOVE = YES;
				CLANG_WARN_UNGUARDED_AVAILABILITY = YES_AGGRESSIVE;
				CLANG_WARN_UNREACHABLE_CODE = YES;
				CLANG_WARN__DUPLICATE_METHOD_MATCH = YES;
				COPY_PHASE_STRIP = NO;
				DEBUG_INFORMATION_FORMAT = dwarf;
				ENABLE_STRICT_OBJC_MSGSEND = YES;
				ENABLE_TESTABILITY = YES;
				GCC_C_LANGUAGE_STANDARD = gnu11;
				GCC_DYNAMIC_NO_PIC = NO;
				GCC_NO_COMMON_BLOCKS = YES;
				GCC_OPTIMIZATION_LEVEL = 0;
				GCC_PREPROCESSOR_DEFINITIONS = (
					"DEBUG=1",
					"$(inherited)",
				);
				GCC_WARN_64_TO_32_BIT_CONVERSION = YES;
				GCC_WARN_ABOUT_RETURN_TYPE = YES_ERROR;
				GCC_WARN_UNDECLARED_SELECTOR = YES;
				GCC_WARN_UNINITIALIZED_AUTOS = YES_AGGRESSIVE;
				GCC_WARN_UNUSED_FUNCTION = YES;
				GCC_WARN_UNUSED_VARIABLE = YES;
				MACOSX_DEPLOYMENT_TARGET = 11.1;
				MTL_ENABLE_DEBUG_INFO = INCLUDE_SOURCE;
				MTL_FAST_MATH = YES;
				ONLY_ACTIVE_ARCH = YES;
				SDKROOT = macosx;
				SWIFT_ACTIVE_COMPILATION_CONDITIONS = DEBUG;
				SWIFT_OPTIMIZATION_LEVEL = "-Onone";
			};
			name = Debug;
		};
		E06FBA32266DF44B00D0ACE4 /* Release */ = {
			isa = XCBuildConfiguration;
			buildSettings = {
				ALWAYS_SEARCH_USER_PATHS = NO;
				CLANG_ANALYZER_NONNULL = YES;
				CLANG_ANALYZER_NUMBER_OBJECT_CONVERSION = YES_AGGRESSIVE;
				CLANG_CXX_LANGUAGE_STANDARD = "gnu++14";
				CLANG_CXX_LIBRARY = "libc++";
				CLANG_ENABLE_MODULES = YES;
				CLANG_ENABLE_OBJC_ARC = YES;
				CLANG_ENABLE_OBJC_WEAK = YES;
				CLANG_WARN_BLOCK_CAPTURE_AUTORELEASING = YES;
				CLANG_WARN_BOOL_CONVERSION = YES;
				CLANG_WARN_COMMA = YES;
				CLANG_WARN_CONSTANT_CONVERSION = YES;
				CLANG_WARN_DEPRECATED_OBJC_IMPLEMENTATIONS = YES;
				CLANG_WARN_DIRECT_OBJC_ISA_USAGE = YES_ERROR;
				CLANG_WARN_DOCUMENTATION_COMMENTS = YES;
				CLANG_WARN_EMPTY_BODY = YES;
				CLANG_WARN_ENUM_CONVERSION = YES;
				CLANG_WARN_INFINITE_RECURSION = YES;
				CLANG_WARN_INT_CONVERSION = YES;
				CLANG_WARN_NON_LITERAL_NULL_CONVERSION = YES;
				CLANG_WARN_OBJC_IMPLICIT_RETAIN_SELF = YES;
				CLANG_WARN_OBJC_LITERAL_CONVERSION = YES;
				CLANG_WARN_OBJC_ROOT_CLASS = YES_ERROR;
				CLANG_WARN_QUOTED_INCLUDE_IN_FRAMEWORK_HEADER = YES;
				CLANG_WARN_RANGE_LOOP_ANALYSIS = YES;
				CLANG_WARN_STRICT_PROTOTYPES = YES;
				CLANG_WARN_SUSPICIOUS_MOVE = YES;
				CLANG_WARN_UNGUARDED_AVAILABILITY = YES_AGGRESSIVE;
				CLANG_WARN_UNREACHABLE_CODE = YES;
				CLANG_WARN__DUPLICATE_METHOD_MATCH = YES;
				COPY_PHASE_STRIP = NO;
				DEBUG_INFORMATION_FORMAT = "dwarf-with-dsym";
				ENABLE_NS_ASSERTIONS = NO;
				ENABLE_STRICT_OBJC_MSGSEND = YES;
				GCC_C_LANGUAGE_STANDARD = gnu11;
				GCC_NO_COMMON_BLOCKS = YES;
				GCC_WARN_64_TO_32_BIT_CONVERSION = YES;
				GCC_WARN_ABOUT_RETURN_TYPE = YES_ERROR;
				GCC_WARN_UNDECLARED_SELECTOR = YES;
				GCC_WARN_UNINITIALIZED_AUTOS = YES_AGGRESSIVE;
				GCC_WARN_UNUSED_FUNCTION = YES;
				GCC_WARN_UNUSED_VARIABLE = YES;
				MACOSX_DEPLOYMENT_TARGET = 11.1;
				MTL_ENABLE_DEBUG_INFO = NO;
				MTL_FAST_MATH = YES;
				SDKROOT = macosx;
				SWIFT_COMPILATION_MODE = wholemodule;
				SWIFT_OPTIMIZATION_LEVEL = "-O";
			};
			name = Release;
		};
		E06FBA34266DF44B00D0ACE4 /* Debug */ = {
			isa = XCBuildConfiguration;
			buildSettings = {
				CODE_SIGN_STYLE = Automatic;
				PRODUCT_NAME = "$(TARGET_NAME)";
				SWIFT_VERSION = 5.0;
			};
			name = Debug;
		};
		E06FBA35266DF44B00D0ACE4 /* Release */ = {
			isa = XCBuildConfiguration;
			buildSettings = {
				CODE_SIGN_STYLE = Automatic;
				PRODUCT_NAME = "$(TARGET_NAME)";
				SWIFT_VERSION = 5.0;
			};
			name = Release;
		};
/* End XCBuildConfiguration section */

/* Begin XCConfigurationList section */
		E06FBA27266DF44A00D0ACE4 /* Build configuration list for PBXProject "TODO" */ = {
			isa = XCConfigurationList;
			buildConfigurations = (
				E06FBA31266DF44B00D0ACE4 /* Debug */,
				E06FBA32266DF44B00D0ACE4 /* Release */,
			);
			defaultConfigurationIsVisible = 0;
			defaultConfigurationName = Release;
		};
		E06FBA33266DF44B00D0ACE4 /* Build configuration list for PBXNativeTarget "TODO" */ = {
			isa = XCConfigurationList;
			buildConfigurations = (
				E06FBA34266DF44B00D0ACE4 /* Debug */,
				E06FBA35266DF44B00D0ACE4 /* Release */,
			);
			defaultConfigurationIsVisible = 0;
			defaultConfigurationName = Release;
		};
/* End XCConfigurationList section */
	};
	rootObject = E06FBA24266DF44A00D0ACE4 /* Project object */;
}
